
Microsoft Visual Studio Solution File, Format Version 12.00
# Visual Studio Version 17
VisualStudioVersion = 17.9.34701.34
MinimumVisualStudioVersion = 10.0.40219.1
Project("{9A19103F-16F7-4668-BE54-9A1E7A4F7556}") = "ProgramsForLearning.Program1", "ProgramsForLearning.FisrtProgram\ProgramsForLearning.Program1.csproj", "{103372F1-19F7-41A8-BA5D-01D4DCF7D7CA}"
EndProject
Project("{9A19103F-16F7-4668-BE54-9A1E7A4F7556}") = "ProgramsForLearning.Program2", "ProgramsForLearning.SecondProgram\ProgramsForLearning.Program2.csproj", "{C6195AD9-EC74-44DD-8B6B-764BEC7A94DD}"
EndProject
Project("{9A19103F-16F7-4668-BE54-9A1E7A4F7556}") = "ProgramsForLearning.Program3", "ProgramsForLearning.ThirdProgram\ProgramsForLearning.Program3.csproj", "{57DAEE3A-D985-440B-A7F0-9161736C769F}"
EndProject
Project("{9A19103F-16F7-4668-BE54-9A1E7A4F7556}") = "ProgramsForLearning.Program4", "ProgramsForLearning.FourthProgram\ProgramsForLearning.Program4.csproj", "{DFAD0DF6-5214-4F7D-969A-83AA5C6578D3}"
EndProject
Project("{9A19103F-16F7-4668-BE54-9A1E7A4F7556}") = "ProgramsForLearning.Program6", "ProgramsForLearning.Program6\ProgramsForLearning.Program6.csproj", "{6A47B730-DDEF-4BB9-8F08-410ED54F775D}"
EndProject
Project("{9A19103F-16F7-4668-BE54-9A1E7A4F7556}") = "ProgramsForLearning.Program5", "ProgramsForLearning.Program5\ProgramsForLearning.Program5.csproj", "{4003F312-645F-4984-8394-F3EA5BB37468}"
EndProject
Project("{9A19103F-16F7-4668-BE54-9A1E7A4F7556}") = "ProgramsForLearning.Program7", "ProgramsForLearning.Program7\ProgramsForLearning.Program7.csproj", "{E211B948-BF18-4B6A-B6BC-E0D4B0C6A02C}"
EndProject
Project("{FAE04EC0-301F-11D3-BF4B-00C04F79EFBC}") = "ProgramsForLearning.Program8", "ProgramsForLearning.Program8\ProgramsForLearning.Program8.csproj", "{B4736F6E-0485-4190-97CF-3779032A4FF6}"
EndProject
Global
	GlobalSection(SolutionConfigurationPlatforms) = preSolution
		Debug|Any CPU = Debug|Any CPU
		Release|Any CPU = Release|Any CPU
	EndGlobalSection
	GlobalSection(ProjectConfigurationPlatforms) = postSolution
		{103372F1-19F7-41A8-BA5D-01D4DCF7D7CA}.Debug|Any CPU.ActiveCfg = Debug|Any CPU
		{103372F1-19F7-41A8-BA5D-01D4DCF7D7CA}.Debug|Any CPU.Build.0 = Debug|Any CPU
		{103372F1-19F7-41A8-BA5D-01D4DCF7D7CA}.Release|Any CPU.ActiveCfg = Release|Any CPU
		{103372F1-19F7-41A8-BA5D-01D4DCF7D7CA}.Release|Any CPU.Build.0 = Release|Any CPU
		{C6195AD9-EC74-44DD-8B6B-764BEC7A94DD}.Debug|Any CPU.ActiveCfg = Debug|Any CPU
		{C6195AD9-EC74-44DD-8B6B-764BEC7A94DD}.Debug|Any CPU.Build.0 = Debug|Any CPU
		{C6195AD9-EC74-44DD-8B6B-764BEC7A94DD}.Release|Any CPU.ActiveCfg = Release|Any CPU
		{C6195AD9-EC74-44DD-8B6B-764BEC7A94DD}.Release|Any CPU.Build.0 = Release|Any CPU
		{57DAEE3A-D985-440B-A7F0-9161736C769F}.Debug|Any CPU.ActiveCfg = Debug|Any CPU
		{57DAEE3A-D985-440B-A7F0-9161736C769F}.Debug|Any CPU.Build.0 = Debug|Any CPU
		{57DAEE3A-D985-440B-A7F0-9161736C769F}.Release|Any CPU.ActiveCfg = Release|Any CPU
		{57DAEE3A-D985-440B-A7F0-9161736C769F}.Release|Any CPU.Build.0 = Release|Any CPU
		{DFAD0DF6-5214-4F7D-969A-83AA5C6578D3}.Debug|Any CPU.ActiveCfg = Debug|Any CPU
		{DFAD0DF6-5214-4F7D-969A-83AA5C6578D3}.Debug|Any CPU.Build.0 = Debug|Any CPU
		{DFAD0DF6-5214-4F7D-969A-83AA5C6578D3}.Release|Any CPU.ActiveCfg = Release|Any CPU
		{DFAD0DF6-5214-4F7D-969A-83AA5C6578D3}.Release|Any CPU.Build.0 = Release|Any CPU
		{6A47B730-DDEF-4BB9-8F08-410ED54F775D}.Debug|Any CPU.ActiveCfg = Debug|Any CPU
		{6A47B730-DDEF-4BB9-8F08-410ED54F775D}.Debug|Any CPU.Build.0 = Debug|Any CPU
		{6A47B730-DDEF-4BB9-8F08-410ED54F775D}.Release|Any CPU.ActiveCfg = Release|Any CPU
		{6A47B730-DDEF-4BB9-8F08-410ED54F775D}.Release|Any CPU.Build.0 = Release|Any CPU
		{4003F312-645F-4984-8394-F3EA5BB37468}.Debug|Any CPU.ActiveCfg = Debug|Any CPU
		{4003F312-645F-4984-8394-F3EA5BB37468}.Debug|Any CPU.Build.0 = Debug|Any CPU
		{4003F312-645F-4984-8394-F3EA5BB37468}.Release|Any CPU.ActiveCfg = Release|Any CPU
		{4003F312-645F-4984-8394-F3EA5BB37468}.Release|Any CPU.Build.0 = Release|Any CPU
		{E211B948-BF18-4B6A-B6BC-E0D4B0C6A02C}.Debug|Any CPU.ActiveCfg = Debug|Any CPU
		{E211B948-BF18-4B6A-B6BC-E0D4B0C6A02C}.Debug|Any CPU.Build.0 = Debug|Any CPU
		{E211B948-BF18-4B6A-B6BC-E0D4B0C6A02C}.Release|Any CPU.ActiveCfg = Release|Any CPU
		{E211B948-BF18-4B6A-B6BC-E0D4B0C6A02C}.Release|Any CPU.Build.0 = Release|Any CPU
		{B4736F6E-0485-4190-97CF-3779032A4FF6}.Debug|Any CPU.ActiveCfg = Debug|Any CPU
		{B4736F6E-0485-4190-97CF-3779032A4FF6}.Debug|Any CPU.Build.0 = Debug|Any CPU
		{B4736F6E-0485-4190-97CF-3779032A4FF6}.Release|Any CPU.ActiveCfg = Release|Any CPU
		{B4736F6E-0485-4190-97CF-3779032A4FF6}.Release|Any CPU.Build.0 = Release|Any CPU
	EndGlobalSection
	GlobalSection(SolutionProperties) = preSolution
		HideSolutionNode = FALSE
	EndGlobalSection
	GlobalSection(ExtensibilityGlobals) = postSolution
		SolutionGuid = {1667D635-169E-4B4C-A9E3-B72C9B99B477}
	EndGlobalSection
EndGlobal
